
Microsoft Visual Studio Solution File, Format Version 12.00
# Visual Studio Version 16
VisualStudioVersion = 16.0.29503.13
MinimumVisualStudioVersion = 10.0.40219.1
Project("{FAE04EC0-301F-11D3-BF4B-00C04F79EFBC}") = "raz23", "raz23\raz23.csproj", "{B906FE71-16CC-48F0-8ECF-6834B4D0F6BA}"
EndProject
Global
	GlobalSection(SolutionConfigurationPlatforms) = preSolution
		Debug|Any CPU = Debug|Any CPU
		Release|Any CPU = Release|Any CPU
	EndGlobalSection
	GlobalSection(ProjectConfigurationPlatforms) = postSolution
		{B906FE71-16CC-48F0-8ECF-6834B4D0F6BA}.Debug|Any CPU.ActiveCfg = Debug|Any CPU
		{B906FE71-16CC-48F0-8ECF-6834B4D0F6BA}.Debug|Any CPU.Build.0 = Debug|Any CPU
		{B906FE71-16CC-48F0-8ECF-6834B4D0F6BA}.Release|Any CPU.ActiveCfg = Release|Any CPU
		{B906FE71-16CC-48F0-8ECF-6834B4D0F6BA}.Release|Any CPU.Build.0 = Release|Any CPU
	EndGlobalSection
	GlobalSection(SolutionProperties) = preSolution
		HideSolutionNode = FALSE
	EndGlobalSection
	GlobalSection(ExtensibilityGlobals) = postSolution
		SolutionGuid = {CCE0B38C-39EA-4D17-8AA3-5260A05FC366}
	EndGlobalSection
EndGlobal
